github.com/schnerring/hugo-mod-github-readme-stats v0.0.0-20230309145837-5324bd7703fa h1:UyuE5bV2s1iianQsSkprjZqx99GOnap6DdFTjRxZdIA=
github.com/schnerring/hugo-mod-github-readme-stats v0.0.0-20230309145837-5324bd7703fa/go.mod h1:UFUlab+9vQRmtTw2vE8tPRitMp3lYLUYUcfD9QwP/oE=
github.com/schnerring/hugo-mod-github-readme-stats v0.0.0-20230324202952-92db061e42fc h1:/Eti19U0fe6trjCCkM8i1eK4VfDDgIE0hBBXd5yUQBU=
github.com/schnerring/hugo-mod-github-readme-stats v0.0.0-20230324202952-92db061e42fc/go.mod h1:z4vUJI1wKvBAjLspJtQZ7thpO6UDey8d4QHRydjo15Q=
github.com/schnerring/hugo-mod-json-resume v0.0.0-20230309150044-1a85b7078a57 h1:dcP7eMc5RKaNTR3w8n1t9JO92N8/tHE0KGg9QIMTlK4=
github.com/schnerring/hugo-mod-json-resume v0.0.0-20230309150044-1a85b7078a57/go.mod h1:8XG8axdWciaWCd44mdQQLWGvoijmUurVOeyI4sD2hOw=
github.com/schnerring/hugo-mod-json-resume v0.0.0-20230324180544-a0922fe0e16c h1:kRgtFg5hjMgLCEpTbVHLb4GIBlHRMdb5Bccypc11x0I=
github.com/schnerring/hugo-mod-json-resume v0.0.0-20230324180544-a0922fe0e16c/go.mod h1:LU9A5Os43gWPvu7OcSmbhn8bbOiBiFW6t/uSCt5zHaM=
